
Microsoft Visual Studio Solution File, Format Version 12.00
# Visual Studio Express 15 for Windows Desktop
VisualStudioVersion = 15.0.34829.251
MinimumVisualStudioVersion = 10.0.40219.1
Project("{FAE04EC0-301F-11D3-BF4B-00C04F79EFBC}") = "ProjetoBanco.Application", "ProjetoBanco.Application\ProjetoBanco.Application.csproj", "{323925B1-2D4F-4EC6-92E6-6B48D3EDC42C}"
EndProject
Project("{FAE04EC0-301F-11D3-BF4B-00C04F79EFBC}") = "ProjetoBanco.Domain", "ProjetoBanco.Domain\ProjetoBanco.Domain.csproj", "{5CF40DB7-E406-45E3-82CE-3EC040355788}"
EndProject
Project("{FAE04EC0-301F-11D3-BF4B-00C04F79EFBC}") = "ProjetoBanco.Data", "ProjetoBanco.Data\ProjetoBanco.Data.csproj", "{0056C09F-884C-4935-A313-B6554DF8B34E}"
EndProject
Global
	GlobalSection(SolutionConfigurationPlatforms) = preSolution
		Debug|Any CPU = Debug|Any CPU
		Release|Any CPU = Release|Any CPU
	EndGlobalSection
	GlobalSection(ProjectConfigurationPlatforms) = postSolution
		{323925B1-2D4F-4EC6-92E6-6B48D3EDC42C}.Debug|Any CPU.ActiveCfg = Debug|Any CPU
		{323925B1-2D4F-4EC6-92E6-6B48D3EDC42C}.Debug|Any CPU.Build.0 = Debug|Any CPU
		{323925B1-2D4F-4EC6-92E6-6B48D3EDC42C}.Release|Any CPU.ActiveCfg = Release|Any CPU
		{323925B1-2D4F-4EC6-92E6-6B48D3EDC42C}.Release|Any CPU.Build.0 = Release|Any CPU
		{5CF40DB7-E406-45E3-82CE-3EC040355788}.Debug|Any CPU.ActiveCfg = Debug|Any CPU
		{5CF40DB7-E406-45E3-82CE-3EC040355788}.Debug|Any CPU.Build.0 = Debug|Any CPU
		{5CF40DB7-E406-45E3-82CE-3EC040355788}.Release|Any CPU.ActiveCfg = Release|Any CPU
		{5CF40DB7-E406-45E3-82CE-3EC040355788}.Release|Any CPU.Build.0 = Release|Any CPU
		{0056C09F-884C-4935-A313-B6554DF8B34E}.Debug|Any CPU.ActiveCfg = Debug|Any CPU
		{0056C09F-884C-4935-A313-B6554DF8B34E}.Debug|Any CPU.Build.0 = Debug|Any CPU
		{0056C09F-884C-4935-A313-B6554DF8B34E}.Release|Any CPU.ActiveCfg = Release|Any CPU
		{0056C09F-884C-4935-A313-B6554DF8B34E}.Release|Any CPU.Build.0 = Release|Any CPU
	EndGlobalSection
	GlobalSection(SolutionProperties) = preSolution
		HideSolutionNode = FALSE
	EndGlobalSection
	GlobalSection(ExtensibilityGlobals) = postSolution
		SolutionGuid = {56C072C4-5818-478C-9224-4BB4E40A2F45}
	EndGlobalSection
EndGlobal
